# This file is automatically @generated by Cargo.
# It is not intended for manual editing.
version = 4

[[package]]
name = "cfg-if"
version = "1.0.3"
source = "registry+https://github.com/rust-lang/crates.io-index"
checksum = "2fd1289c04a9ea8cb22300a459a72a385d7c73d3259e2ed7dcb2af674838cfa9"

[[package]]
name = "fproxy"
version = "0.1.0"
dependencies = [
 "fproxy_derive",
 "libloading",
]

[[package]]
name = "fproxy_derive"
version = "0.1.0"
dependencies = [
 "proc-macro2",
 "quote",
 "syn",
]

[[package]]
name = "libloading"
version = "0.8.9"
source = "registry+https://github.com/rust-lang/crates.io-index"
checksum = "d7c4b02199fee7c5d21a5ae7d8cfa79a6ef5bb2fc834d6e9058e89c825efdc55"
dependencies = [
 "cfg-if",
 "windows-link",
]

[[package]]
name = "proc-macro2"
version = "1.0.101"
source = "registry+https://github.com/rust-lang/crates.io-index"
checksum = "89ae43fd86e4158d6db51ad8e2b80f313af9cc74f5c0e03ccb87de09998732de"
dependencies = [
 "unicode-ident",
]

[[package]]
name = "quote"
version = "1.0.41"
source = "registry+https://github.com/rust-lang/crates.io-index"
checksum = "ce25767e7b499d1b604768e7cde645d14cc8584231ea6b295e9c9eb22c02e1d1"
dependencies = [
 "proc-macro2",
]

[[package]]
name = "syn"
version = "2.0.106"
source = "registry+https://github.com/rust-lang/crates.io-index"
checksum = "ede7c438028d4436d71104916910f5bb611972c5cfd7f89b8300a8186e6fada6"
dependencies = [
 "proc-macro2",
 "quote",
 "unicode-ident",
]

[[package]]
name = "unicode-ident"
version = "1.0.19"
source = "registry+https://github.com/rust-lang/crates.io-index"
checksum = "f63a545481291138910575129486daeaf8ac54aee4387fe7906919f7830c7d9d"

[[package]]
name = "windows-link"
version = "0.2.1"
source = "registry+https://github.com/rust-lang/crates.io-index"
checksum = "f0805222e57f7521d6a62e36fa9163bc891acd422f971defe97d64e70d0a4fe5"
